
Microsoft Visual Studio Solution File, Format Version 12.00
Project("{8BC9CEB8-8B4A-11D0-8D11-00A0C91BC942}") = "HumanVSOrc", "HumanVSOrc.vcxproj", "{1F717846-3F19-4A34-872E-18A656EB7A81}"
EndProject
Project("{8BC9CEB8-8B4A-11D0-8D11-00A0C91BC942}") = "TestProject", "TestProject\TestProject.vcxproj", "{A3814245-BD17-4330-BA1A-BBA2C81CD669}"
EndProject
Global
	GlobalSection(SolutionConfigurationPlatforms) = preSolution
		Debug|Win32 = Debug|Win32
		Debug|x64 = Debug|x64
		Release|Win32 = Release|Win32
		Release|x64 = Release|x64
	EndGlobalSection
	GlobalSection(ProjectConfigurationPlatforms) = postSolution
		{1F717846-3F19-4A34-872E-18A656EB7A81}.Debug|Win32.ActiveCfg = Debug|Win32
		{1F717846-3F19-4A34-872E-18A656EB7A81}.Debug|Win32.Build.0 = Debug|Win32
		{1F717846-3F19-4A34-872E-18A656EB7A81}.Debug|x64.ActiveCfg = Debug|x64
		{1F717846-3F19-4A34-872E-18A656EB7A81}.Debug|x64.Build.0 = Debug|x64
		{1F717846-3F19-4A34-872E-18A656EB7A81}.Release|Win32.ActiveCfg = Release|Win32
		{1F717846-3F19-4A34-872E-18A656EB7A81}.Release|Win32.Build.0 = Release|Win32
		{1F717846-3F19-4A34-872E-18A656EB7A81}.Release|x64.ActiveCfg = Release|x64
		{1F717846-3F19-4A34-872E-18A656EB7A81}.Release|x64.Build.0 = Release|x64
		{A3814245-BD17-4330-BA1A-BBA2C81CD669}.Debug|Win32.ActiveCfg = Debug|Win32
		{A3814245-BD17-4330-BA1A-BBA2C81CD669}.Debug|Win32.Build.0 = Debug|Win32
		{A3814245-BD17-4330-BA1A-BBA2C81CD669}.Debug|x64.ActiveCfg = Debug|x64
		{A3814245-BD17-4330-BA1A-BBA2C81CD669}.Debug|x64.Build.0 = Debug|x64
		{A3814245-BD17-4330-BA1A-BBA2C81CD669}.Release|Win32.ActiveCfg = Release|Win32
		{A3814245-BD17-4330-BA1A-BBA2C81CD669}.Release|Win32.Build.0 = Release|Win32
		{A3814245-BD17-4330-BA1A-BBA2C81CD669}.Release|x64.ActiveCfg = Release|x64
		{A3814245-BD17-4330-BA1A-BBA2C81CD669}.Release|x64.Build.0 = Release|x64
	EndGlobalSection
EndGlobal
